
Microsoft Visual Studio Solution File, Format Version 12.00
# Visual Studio Version 17
VisualStudioVersion = 17.2.32630.192
MinimumVisualStudioVersion = 10.0.40219.1
Project("{FAE04EC0-301F-11D3-BF4B-00C04F79EFBC}") = "CarsDatabase", "CarsDatabase\CarsDatabase.csproj", "{BE8B6FA4-5E8A-40B9-94CA-AE791BA488E5}"
EndProject
Global
	GlobalSection(SolutionConfigurationPlatforms) = preSolution
		Debug|Any CPU = Debug|Any CPU
		Release|Any CPU = Release|Any CPU
	EndGlobalSection
	GlobalSection(ProjectConfigurationPlatforms) = postSolution
		{BE8B6FA4-5E8A-40B9-94CA-AE791BA488E5}.Debug|Any CPU.ActiveCfg = Debug|Any CPU
		{BE8B6FA4-5E8A-40B9-94CA-AE791BA488E5}.Debug|Any CPU.Build.0 = Debug|Any CPU
		{BE8B6FA4-5E8A-40B9-94CA-AE791BA488E5}.Release|Any CPU.ActiveCfg = Release|Any CPU
		{BE8B6FA4-5E8A-40B9-94CA-AE791BA488E5}.Release|Any CPU.Build.0 = Release|Any CPU
	EndGlobalSection
	GlobalSection(SolutionProperties) = preSolution
		HideSolutionNode = FALSE
	EndGlobalSection
	GlobalSection(ExtensibilityGlobals) = postSolution
		SolutionGuid = {C4E79287-5C7A-4EF0-9995-C2C3DF80A936}
	EndGlobalSection
EndGlobal
